{
  "name": "csc-coreplatform",
  "version": "1.0.0",
  "lockfileVersion": 3,
  "requires": true,
  "packages": {
    "": {
      "name": "csc-coreplatform",
      "version": "1.0.0"
    },
    "apps/public-app": {
      "name": "communitysafeconnect-public-app",
      "version": "1.0.0",
      "extraneous": true,
      "dependencies": {
        "leaflet": "^1.9.4",
        "react": "^18.3.1",
        "react-dom": "^18.3.1",
        "react-leaflet": "^4.2.1"
      },
      "devDependencies": {
        "@vitejs/plugin-react": "^4.3.1",
        "vite": "^5.4.8"
      }
    },
    "shared": {
      "name": "@csc/shared",
      "version": "0.1.0",
      "extraneous": true
    }
  }
}
